{
  "object": {
    "pins": [
      {
        "package": "SwiftyBytes",
        "repositoryURL": "https://github.com/Xenoxiluna/SwiftyBytes.git",
        "state": {
          "branch": null,
          "revision": "4768281e4a5e90a3041f91f2825cbb6de2abf758",
          "version": "0.4.0"
        }
      }
    ]
  },
  "version": 1
}
