{
  "object": {
    "pins": [
      {
        "package": "SwiftyBytes",
        "repositoryURL": "https://github.com/Xenoxiluna/SwiftyBytes.git",
        "state": {
          "branch": null,
          "revision": "c3efe115a8cda9061fa6bb5a2dd08b61e6d8a5e9",
          "version": "0.4.2"
        }
      }
    ]
  },
  "version": 1
}
