{
  "object": {
    "pins": [
      {
        "package": "SwiftyBytes",
        "repositoryURL": "https://github.com/Xenoxiluna/SwiftyBytes.git",
        "state": {
          "branch": null,
          "revision": "14a57f9a42d6f58d3f31473b80d195e33ab6e19b",
          "version": "0.2.3"
        }
      }
    ]
  },
  "version": 1
}
